
Microsoft Visual Studio Solution File, Format Version 12.00
# Visual Studio Version 17
VisualStudioVersion = 17.8.34330.188
MinimumVisualStudioVersion = 10.0.40219.1
Project("{9A19103F-16F7-4668-BE54-9A1E7A4F7556}") = "WebAPI", "WebAPI\WebAPI.csproj", "{E45516A6-E3B0-466C-B99F-4C9C63D992BC}"
EndProject
Project("{9A19103F-16F7-4668-BE54-9A1E7A4F7556}") = "Api.Models", "Api.Models\Api.Models.csproj", "{041DF1CE-1E0C-426F-8875-F403D1743848}"
EndProject
Project("{9A19103F-16F7-4668-BE54-9A1E7A4F7556}") = "Api.Interfaces", "Api.Interfaces\Api.Interfaces.csproj", "{F7592B71-8E26-4288-A30E-044F64AF89F6}"
EndProject
Project("{9A19103F-16F7-4668-BE54-9A1E7A4F7556}") = "Api.Repositories", "Api.Repositories\Api.Repositories.csproj", "{41601F62-8251-4CB3-A6CE-B5746DB1C898}"
EndProject
Project("{9A19103F-16F7-4668-BE54-9A1E7A4F7556}") = "Api.Services", "Api.Services\Api.Services.csproj", "{FEDA17CB-5810-4C96-88BC-69BFD7229BF0}"
EndProject
Project("{9A19103F-16F7-4668-BE54-9A1E7A4F7556}") = "Api.Utilities", "Api.Utilities\Api.Utilities.csproj", "{23828631-B1ED-449E-BDC2-6B3B1164E2F9}"
EndProject
Project("{2150E333-8FDC-42A3-9474-1A3956D46DE8}") = ".github", ".github", "{DA66A93F-8087-4D9E-90DA-EBA5F51159DC}"
EndProject
Project("{2150E333-8FDC-42A3-9474-1A3956D46DE8}") = "workflows", "workflows", "{BA1BC63B-69A2-4198-9217-F01BDA1F0B20}"
	ProjectSection(SolutionItems) = preProject
		.github\workflows\azure-deploy.yml = .github\workflows\azure-deploy.yml
	EndProjectSection
EndProject
Project("{FAE04EC0-301F-11D3-BF4B-00C04F79EFBC}") = "DependencyInjection", "DependencyInjection\DependencyInjection.csproj", "{88A4CAE3-5A1D-40BD-9D00-A659E4930B7D}"
EndProject
Project("{2150E333-8FDC-42A3-9474-1A3956D46DE8}") = "Metadata", "Metadata", "{31BDC602-9683-45B2-AF57-BFA3DDBAE600}"
EndProject
Global
	GlobalSection(SolutionConfigurationPlatforms) = preSolution
		Debug|Any CPU = Debug|Any CPU
		Release|Any CPU = Release|Any CPU
	EndGlobalSection
	GlobalSection(ProjectConfigurationPlatforms) = postSolution
		{E45516A6-E3B0-466C-B99F-4C9C63D992BC}.Debug|Any CPU.ActiveCfg = Debug|Any CPU
		{E45516A6-E3B0-466C-B99F-4C9C63D992BC}.Debug|Any CPU.Build.0 = Debug|Any CPU
		{E45516A6-E3B0-466C-B99F-4C9C63D992BC}.Release|Any CPU.ActiveCfg = Release|Any CPU
		{E45516A6-E3B0-466C-B99F-4C9C63D992BC}.Release|Any CPU.Build.0 = Release|Any CPU
		{041DF1CE-1E0C-426F-8875-F403D1743848}.Debug|Any CPU.ActiveCfg = Debug|Any CPU
		{041DF1CE-1E0C-426F-8875-F403D1743848}.Debug|Any CPU.Build.0 = Debug|Any CPU
		{041DF1CE-1E0C-426F-8875-F403D1743848}.Release|Any CPU.ActiveCfg = Release|Any CPU
		{041DF1CE-1E0C-426F-8875-F403D1743848}.Release|Any CPU.Build.0 = Release|Any CPU
		{F7592B71-8E26-4288-A30E-044F64AF89F6}.Debug|Any CPU.ActiveCfg = Debug|Any CPU
		{F7592B71-8E26-4288-A30E-044F64AF89F6}.Debug|Any CPU.Build.0 = Debug|Any CPU
		{F7592B71-8E26-4288-A30E-044F64AF89F6}.Release|Any CPU.ActiveCfg = Release|Any CPU
		{F7592B71-8E26-4288-A30E-044F64AF89F6}.Release|Any CPU.Build.0 = Release|Any CPU
		{41601F62-8251-4CB3-A6CE-B5746DB1C898}.Debug|Any CPU.ActiveCfg = Debug|Any CPU
		{41601F62-8251-4CB3-A6CE-B5746DB1C898}.Debug|Any CPU.Build.0 = Debug|Any CPU
		{41601F62-8251-4CB3-A6CE-B5746DB1C898}.Release|Any CPU.ActiveCfg = Release|Any CPU
		{41601F62-8251-4CB3-A6CE-B5746DB1C898}.Release|Any CPU.Build.0 = Release|Any CPU
		{FEDA17CB-5810-4C96-88BC-69BFD7229BF0}.Debug|Any CPU.ActiveCfg = Debug|Any CPU
		{FEDA17CB-5810-4C96-88BC-69BFD7229BF0}.Debug|Any CPU.Build.0 = Debug|Any CPU
		{FEDA17CB-5810-4C96-88BC-69BFD7229BF0}.Release|Any CPU.ActiveCfg = Release|Any CPU
		{FEDA17CB-5810-4C96-88BC-69BFD7229BF0}.Release|Any CPU.Build.0 = Release|Any CPU
		{23828631-B1ED-449E-BDC2-6B3B1164E2F9}.Debug|Any CPU.ActiveCfg = Debug|Any CPU
		{23828631-B1ED-449E-BDC2-6B3B1164E2F9}.Debug|Any CPU.Build.0 = Debug|Any CPU
		{23828631-B1ED-449E-BDC2-6B3B1164E2F9}.Release|Any CPU.ActiveCfg = Release|Any CPU
		{23828631-B1ED-449E-BDC2-6B3B1164E2F9}.Release|Any CPU.Build.0 = Release|Any CPU
		{88A4CAE3-5A1D-40BD-9D00-A659E4930B7D}.Debug|Any CPU.ActiveCfg = Debug|Any CPU
		{88A4CAE3-5A1D-40BD-9D00-A659E4930B7D}.Debug|Any CPU.Build.0 = Debug|Any CPU
		{88A4CAE3-5A1D-40BD-9D00-A659E4930B7D}.Release|Any CPU.ActiveCfg = Release|Any CPU
		{88A4CAE3-5A1D-40BD-9D00-A659E4930B7D}.Release|Any CPU.Build.0 = Release|Any CPU
	EndGlobalSection
	GlobalSection(SolutionProperties) = preSolution
		HideSolutionNode = FALSE
	EndGlobalSection
	GlobalSection(NestedProjects) = preSolution
		{BA1BC63B-69A2-4198-9217-F01BDA1F0B20} = {DA66A93F-8087-4D9E-90DA-EBA5F51159DC}
	EndGlobalSection
	GlobalSection(ExtensibilityGlobals) = postSolution
		SolutionGuid = {72E3FF59-CE2D-474D-830E-974A6A367F8C}
	EndGlobalSection
EndGlobal
